
Microsoft Visual Studio Solution File, Format Version 12.00
# Visual Studio Version 17
VisualStudioVersion = 17.3.32901.215
MinimumVisualStudioVersion = 10.0.40219.1
Project("{FAE04EC0-301F-11D3-BF4B-00C04F79EFBC}") = "HW28_8_24", "HW28_8_24\HW28_8_24.csproj", "{15497780-F45B-42AF-A438-1B1FD31E6ACA}"
EndProject
Global
	GlobalSection(SolutionConfigurationPlatforms) = preSolution
		Debug|Any CPU = Debug|Any CPU
		Release|Any CPU = Release|Any CPU
	EndGlobalSection
	GlobalSection(ProjectConfigurationPlatforms) = postSolution
		{15497780-F45B-42AF-A438-1B1FD31E6ACA}.Debug|Any CPU.ActiveCfg = Debug|Any CPU
		{15497780-F45B-42AF-A438-1B1FD31E6ACA}.Debug|Any CPU.Build.0 = Debug|Any CPU
		{15497780-F45B-42AF-A438-1B1FD31E6ACA}.Release|Any CPU.ActiveCfg = Release|Any CPU
		{15497780-F45B-42AF-A438-1B1FD31E6ACA}.Release|Any CPU.Build.0 = Release|Any CPU
	EndGlobalSection
	GlobalSection(SolutionProperties) = preSolution
		HideSolutionNode = FALSE
	EndGlobalSection
	GlobalSection(ExtensibilityGlobals) = postSolution
		SolutionGuid = {19A14041-C047-49DF-A328-5648073A189F}
	EndGlobalSection
EndGlobal
